
Microsoft Visual Studio Solution File, Format Version 12.00
# Visual Studio Version 17
VisualStudioVersion = 17.8.34330.188
MinimumVisualStudioVersion = 10.0.40219.1
Project("{9A19103F-16F7-4668-BE54-9A1E7A4F7556}") = "MacroLibrary.UnitTests", "tests\MacroLibrary.UnitTests\MacroLibrary.UnitTests.csproj", "{32DA7B92-FBD7-4083-A0CB-E47D0881C971}"
EndProject
Project("{9A19103F-16F7-4668-BE54-9A1E7A4F7556}") = "MacroModules.MacroLibrary.Sandbox", "sandbox\MacroModules.MacroLibrary.Sandbox\MacroModules.MacroLibrary.Sandbox.csproj", "{5F9AD5B9-8647-454C-8B91-D13FEA12DD9B}"
EndProject
Project("{9A19103F-16F7-4668-BE54-9A1E7A4F7556}") = "MacroLibrary.TestApp", "tests\MacroLibrary.TestApp\MacroLibrary.TestApp.csproj", "{36AE59C5-E15C-445E-8D76-36A0EAB2F45A}"
EndProject
Project("{9A19103F-16F7-4668-BE54-9A1E7A4F7556}") = "MacroModules.MacroLibrary", "src\MacroModules.MacroLibrary\MacroModules.MacroLibrary.csproj", "{9355E20A-7B77-486E-B48C-4195BDB8779B}"
EndProject
Project("{9A19103F-16F7-4668-BE54-9A1E7A4F7556}") = "MacroModules.Model", "src\MacroModules.Model\MacroModules.Model.csproj", "{AB939766-9D47-4596-987E-4C199791060B}"
EndProject
Project("{9A19103F-16F7-4668-BE54-9A1E7A4F7556}") = "MacroModules.Model.Sandbox", "sandbox\MacroModules.Model.Sandbox\MacroModules.Model.Sandbox.csproj", "{5A0B6E89-3466-4C15-8990-232561DE3E32}"
EndProject
Project("{9A19103F-16F7-4668-BE54-9A1E7A4F7556}") = "MacroModules.App", "src\MacroModules.App\MacroModules.App.csproj", "{75075216-1F95-4918-A397-0DECF70EDD72}"
EndProject
Project("{FAE04EC0-301F-11D3-BF4B-00C04F79EFBC}") = "MacroModules.AppControls", "MacroModules.AppControls\MacroModules.AppControls.csproj", "{2B1B5381-DD10-4004-BF64-85C920B66CF8}"
EndProject
Global
	GlobalSection(SolutionConfigurationPlatforms) = preSolution
		Debug|Any CPU = Debug|Any CPU
		Release|Any CPU = Release|Any CPU
	EndGlobalSection
	GlobalSection(ProjectConfigurationPlatforms) = postSolution
		{32DA7B92-FBD7-4083-A0CB-E47D0881C971}.Debug|Any CPU.ActiveCfg = Debug|Any CPU
		{32DA7B92-FBD7-4083-A0CB-E47D0881C971}.Debug|Any CPU.Build.0 = Debug|Any CPU
		{32DA7B92-FBD7-4083-A0CB-E47D0881C971}.Release|Any CPU.ActiveCfg = Release|Any CPU
		{32DA7B92-FBD7-4083-A0CB-E47D0881C971}.Release|Any CPU.Build.0 = Release|Any CPU
		{5F9AD5B9-8647-454C-8B91-D13FEA12DD9B}.Debug|Any CPU.ActiveCfg = Debug|Any CPU
		{5F9AD5B9-8647-454C-8B91-D13FEA12DD9B}.Debug|Any CPU.Build.0 = Debug|Any CPU
		{5F9AD5B9-8647-454C-8B91-D13FEA12DD9B}.Release|Any CPU.ActiveCfg = Release|Any CPU
		{5F9AD5B9-8647-454C-8B91-D13FEA12DD9B}.Release|Any CPU.Build.0 = Release|Any CPU
		{36AE59C5-E15C-445E-8D76-36A0EAB2F45A}.Debug|Any CPU.ActiveCfg = Debug|Any CPU
		{36AE59C5-E15C-445E-8D76-36A0EAB2F45A}.Debug|Any CPU.Build.0 = Debug|Any CPU
		{36AE59C5-E15C-445E-8D76-36A0EAB2F45A}.Release|Any CPU.ActiveCfg = Release|Any CPU
		{36AE59C5-E15C-445E-8D76-36A0EAB2F45A}.Release|Any CPU.Build.0 = Release|Any CPU
		{9355E20A-7B77-486E-B48C-4195BDB8779B}.Debug|Any CPU.ActiveCfg = Debug|Any CPU
		{9355E20A-7B77-486E-B48C-4195BDB8779B}.Debug|Any CPU.Build.0 = Debug|Any CPU
		{9355E20A-7B77-486E-B48C-4195BDB8779B}.Release|Any CPU.ActiveCfg = Release|Any CPU
		{9355E20A-7B77-486E-B48C-4195BDB8779B}.Release|Any CPU.Build.0 = Release|Any CPU
		{AB939766-9D47-4596-987E-4C199791060B}.Debug|Any CPU.ActiveCfg = Debug|Any CPU
		{AB939766-9D47-4596-987E-4C199791060B}.Debug|Any CPU.Build.0 = Debug|Any CPU
		{AB939766-9D47-4596-987E-4C199791060B}.Release|Any CPU.ActiveCfg = Release|Any CPU
		{AB939766-9D47-4596-987E-4C199791060B}.Release|Any CPU.Build.0 = Release|Any CPU
		{5A0B6E89-3466-4C15-8990-232561DE3E32}.Debug|Any CPU.ActiveCfg = Debug|Any CPU
		{5A0B6E89-3466-4C15-8990-232561DE3E32}.Debug|Any CPU.Build.0 = Debug|Any CPU
		{5A0B6E89-3466-4C15-8990-232561DE3E32}.Release|Any CPU.ActiveCfg = Release|Any CPU
		{5A0B6E89-3466-4C15-8990-232561DE3E32}.Release|Any CPU.Build.0 = Release|Any CPU
		{75075216-1F95-4918-A397-0DECF70EDD72}.Debug|Any CPU.ActiveCfg = Debug|Any CPU
		{75075216-1F95-4918-A397-0DECF70EDD72}.Debug|Any CPU.Build.0 = Debug|Any CPU
		{75075216-1F95-4918-A397-0DECF70EDD72}.Release|Any CPU.ActiveCfg = Release|Any CPU
		{75075216-1F95-4918-A397-0DECF70EDD72}.Release|Any CPU.Build.0 = Release|Any CPU
		{2B1B5381-DD10-4004-BF64-85C920B66CF8}.Debug|Any CPU.ActiveCfg = Debug|Any CPU
		{2B1B5381-DD10-4004-BF64-85C920B66CF8}.Debug|Any CPU.Build.0 = Debug|Any CPU
		{2B1B5381-DD10-4004-BF64-85C920B66CF8}.Release|Any CPU.ActiveCfg = Release|Any CPU
		{2B1B5381-DD10-4004-BF64-85C920B66CF8}.Release|Any CPU.Build.0 = Release|Any CPU
	EndGlobalSection
	GlobalSection(SolutionProperties) = preSolution
		HideSolutionNode = FALSE
	EndGlobalSection
	GlobalSection(ExtensibilityGlobals) = postSolution
		SolutionGuid = {B89A59EE-BE24-49B1-A178-CB54FCAF88EA}
	EndGlobalSection
EndGlobal
